
Microsoft Visual Studio Solution File, Format Version 10.00
# Visual Studio 2008
Project("{FAE04EC0-301F-11D3-BF4B-00C04F79EFBC}") = "GitSharp.Tests", "Tests\GitSharp.Tests.csproj", "{37052DA4-F6A9-47D0-94AA-96F4A7E0462C}"
	ProjectSection(ProjectDependencies) = postProject
		{C46EDD61-C202-465A-93F1-ADE20A83BB59} = {C46EDD61-C202-465A-93F1-ADE20A83BB59}
	EndProjectSection
EndProject
Project("{FAE04EC0-301F-11D3-BF4B-00C04F79EFBC}") = "GitSharp", "GitSharp\GitSharp.csproj", "{C46EDD61-C202-465A-93F1-ADE20A83BB59}"
EndProject
Project("{2150E333-8FDC-42A3-9474-1A3956D46DE8}") = "Solution Items", "Solution Items", "{A2CD2048-48D8-4641-ACBF-5199613EE281}"
	ProjectSection(SolutionItems) = preProject
		LICENSE.txt = LICENSE.txt
		README.txt = README.txt
	EndProjectSection
EndProject
Global
	GlobalSection(SolutionConfigurationPlatforms) = preSolution
		Debug|Any CPU = Debug|Any CPU
		Release|Any CPU = Release|Any CPU
	EndGlobalSection
	GlobalSection(ProjectConfigurationPlatforms) = postSolution
		{4B53BA11-1ADE-44E7-AC0F-7748D5701C25}.Debug|Any CPU.ActiveCfg = Debug|Any CPU
		{4B53BA11-1ADE-44E7-AC0F-7748D5701C25}.Debug|Any CPU.Build.0 = Debug|Any CPU
		{4B53BA11-1ADE-44E7-AC0F-7748D5701C25}.Release|Any CPU.ActiveCfg = Release|Any CPU
		{4B53BA11-1ADE-44E7-AC0F-7748D5701C25}.Release|Any CPU.Build.0 = Release|Any CPU
		{37052DA4-F6A9-47D0-94AA-96F4A7E0462C}.Debug|Any CPU.ActiveCfg = Debug|Any CPU
		{37052DA4-F6A9-47D0-94AA-96F4A7E0462C}.Debug|Any CPU.Build.0 = Debug|Any CPU
		{37052DA4-F6A9-47D0-94AA-96F4A7E0462C}.Release|Any CPU.ActiveCfg = Release|Any CPU
		{37052DA4-F6A9-47D0-94AA-96F4A7E0462C}.Release|Any CPU.Build.0 = Release|Any CPU
		{C46EDD61-C202-465A-93F1-ADE20A83BB59}.Debug|Any CPU.ActiveCfg = Debug|Any CPU
		{C46EDD61-C202-465A-93F1-ADE20A83BB59}.Debug|Any CPU.Build.0 = Debug|Any CPU
		{C46EDD61-C202-465A-93F1-ADE20A83BB59}.Release|Any CPU.ActiveCfg = Release|Any CPU
		{C46EDD61-C202-465A-93F1-ADE20A83BB59}.Release|Any CPU.Build.0 = Release|Any CPU
		{6E76C9D7-F95E-4978-8DD2-07471792E7AA}.Debug|Any CPU.ActiveCfg = Debug|Any CPU
		{6E76C9D7-F95E-4978-8DD2-07471792E7AA}.Debug|Any CPU.Build.0 = Debug|Any CPU
		{6E76C9D7-F95E-4978-8DD2-07471792E7AA}.Release|Any CPU.ActiveCfg = Release|Any CPU
		{6E76C9D7-F95E-4978-8DD2-07471792E7AA}.Release|Any CPU.Build.0 = Release|Any CPU
	EndGlobalSection
	GlobalSection(SolutionProperties) = preSolution
		HideSolutionNode = FALSE
	EndGlobalSection
EndGlobal
